[[package]]
name = "altair"
version = "4.2.0"
description = "Altair: A declarative statistical visualization library for Python."
category = "main"
optional = false
python-versions = ">=3.7"

[package.dependencies]
entrypoints = "*"
jinja2 = "*"
jsonschema = ">=3.0"
numpy = "*"
pandas = ">=0.18"
toolz = "*"

[package.extras]
dev = ["black", "docutils", "ipython", "flake8", "pytest", "sphinx", "mistune (<2.0.0)", "m2r", "vega-datasets", "recommonmark"]

[[package]]
name = "attrs"
version = "22.1.0"
description = "Classes Without Boilerplate"
category = "main"
optional = false
python-versions = ">=3.5"

[package.extras]
dev = ["coverage[toml] (>=5.0.2)", "hypothesis", "pympler", "pytest (>=4.3.0)", "mypy (>=0.900,!=0.940)", "pytest-mypy-plugins", "zope.interface", "furo", "sphinx", "sphinx-notfound-page", "pre-commit", "cloudpickle"]
docs = ["furo", "sphinx", "zope.interface", "sphinx-notfound-page"]
tests = ["coverage[toml] (>=5.0.2)", "hypothesis", "pympler", "pytest (>=4.3.0)", "mypy (>=0.900,!=0.940)", "pytest-mypy-plugins", "zope.interface", "cloudpickle"]
tests_no_zope = ["coverage[toml] (>=5.0.2)", "hypothesis", "pympler", "pytest (>=4.3.0)", "mypy (>=0.900,!=0.940)", "pytest-mypy-plugins", "cloudpickle"]

[[package]]
name = "backports.zoneinfo"
version = "0.2.1"
description = "Backport of the standard library zoneinfo module"
category = "main"
optional = false
python-versions = ">=3.6"

[package.extras]
tzdata = ["tzdata"]

[[package]]
name = "blinker"
version = "1.5"
description = "Fast, simple object-to-object and broadcast signaling"
category = "main"
optional = false
python-versions = ">=2.7, !=3.0.*, !=3.1.*, !=3.2.*, !=3.3.*, !=3.4.*"

[[package]]
name = "cachetools"
version = "5.2.0"
description = "Extensible memoizing collections and decorators"
category = "main"
optional = false
python-versions = "~=3.7"

[[package]]
name = "certifi"
version = "2022.6.15"
description = "Python package for providing Mozilla's CA Bundle."
category = "main"
optional = false
python-versions = ">=3.6"

[[package]]
name = "charset-normalizer"
version = "2.1.1"
description = "The Real First Universal Charset Detector. Open, modern and actively maintained alternative to Chardet."
category = "main"
optional = false
python-versions = ">=3.6.0"

[package.extras]
unicode_backport = ["unicodedata2"]

[[package]]
name = "click"
version = "8.1.3"
description = "Composable command line interface toolkit"
category = "main"
optional = false
python-versions = ">=3.7"

[package.dependencies]
colorama = {version = "*", markers = "platform_system == \"Windows\""}

[[package]]
name = "colorama"
version = "0.4.5"
description = "Cross-platform colored terminal text."
category = "main"
optional = false
python-versions = ">=2.7, !=3.0.*, !=3.1.*, !=3.2.*, !=3.3.*, !=3.4.*"

[[package]]
name = "commonmark"
version = "0.9.1"
description = "Python parser for the CommonMark Markdown spec"
category = "main"
optional = false
python-versions = "*"

[package.extras]
test = ["hypothesis (==3.55.3)", "flake8 (==3.7.8)"]

[[package]]
name = "decorator"
version = "5.1.1"
description = "Decorators for Humans"
category = "main"
optional = false
python-versions = ">=3.5"

[[package]]
name = "diffusers"
version = "0.2.4"
description = "Diffusers"
category = "main"
optional = false
python-versions = ">=3.6.0"

[package.dependencies]
filelock = "*"
huggingface-hub = ">=0.8.1,<1.0"
importlib-metadata = "*"
numpy = "*"
Pillow = "*"
regex = "!=2019.12.17"
requests = "*"
torch = ">=1.4"

[package.extras]
training = ["modelcards", "tensorboard", "datasets", "accelerate"]
test = ["pytest"]
quality = ["flake8 (>=3.8.3)", "isort (>=5.5.4)", "black (>=22.0,<23.0)"]
docs = ["hf-doc-builder"]
dev = ["hf-doc-builder", "modelcards", "tensorboard", "datasets", "accelerate", "pytest", "flake8 (>=3.8.3)", "isort (>=5.5.4)", "black (>=22.0,<23.0)"]

[[package]]
name = "entrypoints"
version = "0.4"
description = "Discover and load entry points from installed packages."
category = "main"
optional = false
python-versions = ">=3.6"

[[package]]
name = "filelock"
version = "3.8.0"
description = "A platform independent file lock."
category = "main"
optional = false
python-versions = ">=3.7"

[package.extras]
docs = ["furo (>=2022.6.21)", "sphinx (>=5.1.1)", "sphinx-autodoc-typehints (>=1.19.1)"]
testing = ["covdefaults (>=2.2)", "coverage (>=6.4.2)", "pytest (>=7.1.2)", "pytest-cov (>=3)", "pytest-timeout (>=2.1)"]

[[package]]
name = "gitdb"
version = "4.0.9"
description = "Git Object Database"
category = "main"
optional = false
python-versions = ">=3.6"

[package.dependencies]
smmap = ">=3.0.1,<6"

[[package]]
name = "gitpython"
version = "3.1.27"
description = "GitPython is a python library used to interact with Git repositories"
category = "main"
optional = false
python-versions = ">=3.7"

[package.dependencies]
gitdb = ">=4.0.1,<5"

[[package]]
name = "huggingface-hub"
version = "0.9.0"
description = "Client library to download and publish models, datasets and other repos on the huggingface.co hub"
category = "main"
optional = false
python-versions = ">=3.7.0"

[package.dependencies]
filelock = "*"
packaging = ">=20.9"
pyyaml = ">=5.1"
requests = "*"
tqdm = "*"
typing-extensions = ">=3.7.4.3"

[package.extras]
torch = ["torch"]
testing = ["soundfile", "datasets", "pytest-cov", "pytest"]
tensorflow = ["graphviz", "pydot", "tensorflow"]
quality = ["flake8-bugbear", "flake8 (>=3.8.3)", "isort (>=5.5.4)", "black (==22.3)"]
fastai = ["fastcore (>=1.3.27)", "fastai (>=2.4)", "toml"]
dev = ["flake8-bugbear", "flake8 (>=3.8.3)", "isort (>=5.5.4)", "black (==22.3)", "soundfile", "datasets", "pytest-cov", "pytest"]
all = ["flake8-bugbear", "flake8 (>=3.8.3)", "isort (>=5.5.4)", "black (==22.3)", "soundfile", "datasets", "pytest-cov", "pytest"]

[[package]]
name = "idna"
version = "3.3"
description = "Internationalized Domain Names in Applications (IDNA)"
category = "main"
optional = false
python-versions = ">=3.5"

[[package]]
name = "importlib-metadata"
version = "4.12.0"
description = "Read metadata from Python packages"
category = "main"
optional = false
python-versions = ">=3.7"

[package.dependencies]
zipp = ">=0.5"

[package.extras]
docs = ["sphinx", "jaraco.packaging (>=9)", "rst.linker (>=1.9)"]
perf = ["ipython"]
testing = ["pytest (>=6)", "pytest-checkdocs (>=2.4)", "pytest-flake8", "pytest-cov", "pytest-enabler (>=1.3)", "packaging", "pyfakefs", "flufl.flake8", "pytest-perf (>=0.9.2)", "pytest-black (>=0.3.7)", "pytest-mypy (>=0.9.1)", "importlib-resources (>=1.3)"]

[[package]]
name = "importlib-resources"
version = "5.9.0"
description = "Read resources from Python packages"
category = "main"
optional = false
python-versions = ">=3.7"

[package.dependencies]
zipp = {version = ">=3.1.0", markers = "python_version < \"3.10\""}

[package.extras]
docs = ["sphinx", "jaraco.packaging (>=9)", "rst.linker (>=1.9)", "jaraco.tidelift (>=1.4)"]
testing = ["pytest (>=6)", "pytest-checkdocs (>=2.4)", "pytest-flake8", "pytest-cov", "pytest-enabler (>=1.3)", "pytest-black (>=0.3.7)", "pytest-mypy (>=0.9.1)"]

[[package]]
name = "jinja2"
version = "3.1.2"
description = "A very fast and expressive template engine."
category = "main"
optional = false
python-versions = ">=3.7"

[package.dependencies]
MarkupSafe = ">=2.0"

[package.extras]
i18n = ["Babel (>=2.7)"]

[[package]]
name = "joblib"
version = "1.1.0"
description = "Lightweight pipelining with Python functions"
category = "main"
optional = false
python-versions = ">=3.6"

[[package]]
name = "jsonschema"
version = "4.15.0"
description = "An implementation of JSON Schema validation for Python"
category = "main"
optional = false
python-versions = ">=3.7"

[package.dependencies]
attrs = ">=17.4.0"
importlib-resources = {version = ">=1.4.0", markers = "python_version < \"3.9\""}
pkgutil-resolve-name = {version = ">=1.3.10", markers = "python_version < \"3.9\""}
pyrsistent = ">=0.14.0,<0.17.0 || >0.17.0,<0.17.1 || >0.17.1,<0.17.2 || >0.17.2"

[package.extras]
format = ["fqdn", "idna", "isoduration", "jsonpointer (>1.13)", "rfc3339-validator", "rfc3987", "uri-template", "webcolors (>=1.11)"]
format-nongpl = ["fqdn", "idna", "isoduration", "jsonpointer (>1.13)", "rfc3339-validator", "rfc3986-validator (>0.1.0)", "uri-template", "webcolors (>=1.11)"]

[[package]]
name = "markupsafe"
version = "2.1.1"
description = "Safely add untrusted strings to HTML/XML markup."
category = "main"
optional = false
python-versions = ">=3.7"

[[package]]
name = "numpy"
version = "1.19.5"
description = "NumPy is the fundamental package for array computing with Python."
category = "main"
optional = false
python-versions = ">=3.6"

[[package]]
name = "opencv-python"
version = "4.5.2.54"
description = "Wrapper package for OpenCV python bindings."
category = "main"
optional = false
python-versions = ">=3.6"

[package.dependencies]
numpy = ">=1.13.3"

[[package]]
name = "openvino"
version = "2022.1.0"
description = "OpenVINO(TM) Runtime"
category = "main"
optional = false
python-versions = "*"

[package.dependencies]
numpy = ">=1.16.6,<1.20"

[[package]]
name = "packaging"
version = "21.3"
description = "Core utilities for Python packages"
category = "main"
optional = false
python-versions = ">=3.6"

[package.dependencies]
pyparsing = ">=2.0.2,<3.0.5 || >3.0.5"

[[package]]
name = "pandas"
version = "1.3.3"
description = "Powerful data structures for data analysis, time series, and statistics"
category = "main"
optional = false
python-versions = ">=3.7.1"

[package.dependencies]
numpy = ">=1.17.3"
python-dateutil = ">=2.7.3"
pytz = ">=2017.3"

[package.extras]
test = ["hypothesis (>=3.58)", "pytest (>=6.0)", "pytest-xdist"]

[[package]]
name = "pandas"
version = "1.3.4"
description = "Powerful data structures for data analysis, time series, and statistics"
category = "main"
optional = false
python-versions = ">=3.7.1"

[package.dependencies]
numpy = [
    {version = ">=1.17.3", markers = "platform_machine != \"aarch64\" and platform_machine != \"arm64\" and python_version < \"3.10\""},
    {version = ">=1.19.2", markers = "platform_machine == \"aarch64\" and python_version < \"3.10\""},
]
python-dateutil = ">=2.7.3"
pytz = ">=2017.3"

[package.extras]
test = ["hypothesis (>=3.58)", "pytest (>=6.0)", "pytest-xdist"]

[[package]]
name = "pandas"
version = "1.3.5"
description = "Powerful data structures for data analysis, time series, and statistics"
category = "main"
optional = false
python-versions = ">=3.7.1"

[package.dependencies]
numpy = [
    {version = ">=1.17.3", markers = "platform_machine != \"aarch64\" and platform_machine != \"arm64\" and python_version < \"3.10\""},
    {version = ">=1.19.2", markers = "platform_machine == \"aarch64\" and python_version < \"3.10\""},
]
python-dateutil = ">=2.7.3"
pytz = ">=2017.3"

[package.extras]
test = ["hypothesis (>=3.58)", "pytest (>=6.0)", "pytest-xdist"]

[[package]]
name = "pandas"
version = "1.4.0"
description = "Powerful data structures for data analysis, time series, and statistics"
category = "main"
optional = false
python-versions = ">=3.8"

[package.dependencies]
numpy = [
    {version = ">=1.19.2", markers = "platform_machine == \"aarch64\" and python_version < \"3.10\""},
    {version = ">=1.18.5", markers = "platform_machine != \"aarch64\" and platform_machine != \"arm64\" and python_version < \"3.10\""},
]
python-dateutil = ">=2.8.1"
pytz = ">=2020.1"

[package.extras]
test = ["pytest-xdist (>=1.31)", "pytest (>=6.0)", "hypothesis (>=5.5.3)"]

[[package]]
name = "pandas"
version = "1.4.1"
description = "Powerful data structures for data analysis, time series, and statistics"
category = "main"
optional = false
python-versions = ">=3.8"

[package.dependencies]
numpy = [
    {version = ">=1.18.5", markers = "platform_machine != \"aarch64\" and platform_machine != \"arm64\" and python_version < \"3.10\""},
    {version = ">=1.19.2", markers = "platform_machine == \"aarch64\" and python_version < \"3.10\""},
]
python-dateutil = ">=2.8.1"
pytz = ">=2020.1"

[package.extras]
test = ["hypothesis (>=5.5.3)", "pytest (>=6.0)", "pytest-xdist (>=1.31)"]

[[package]]
name = "pandas"
version = "1.4.2"
description = "Powerful data structures for data analysis, time series, and statistics"
category = "main"
optional = false
python-versions = ">=3.8"

[package.dependencies]
numpy = [
    {version = ">=1.18.5", markers = "platform_machine != \"aarch64\" and platform_machine != \"arm64\" and python_version < \"3.10\""},
    {version = ">=1.19.2", markers = "platform_machine == \"aarch64\" and python_version < \"3.10\""},
]
python-dateutil = ">=2.8.1"
pytz = ">=2020.1"

[package.extras]
test = ["hypothesis (>=5.5.3)", "pytest (>=6.0)", "pytest-xdist (>=1.31)"]

[[package]]
name = "pandas"
version = "1.4.3"
description = "Powerful data structures for data analysis, time series, and statistics"
category = "main"
optional = false
python-versions = ">=3.8"

[package.dependencies]
numpy = [
    {version = ">=1.18.5", markers = "platform_machine != \"aarch64\" and platform_machine != \"arm64\" and python_version < \"3.10\""},
    {version = ">=1.19.2", markers = "platform_machine == \"aarch64\" and python_version < \"3.10\""},
]
python-dateutil = ">=2.8.1"
pytz = ">=2020.1"

[package.extras]
test = ["hypothesis (>=5.5.3)", "pytest (>=6.0)", "pytest-xdist (>=1.31)"]

[[package]]
name = "pandas"
version = "1.4.4"
description = "Powerful data structures for data analysis, time series, and statistics"
category = "main"
optional = false
python-versions = ">=3.8"

[package.dependencies]
numpy = [
    {version = ">=1.18.5", markers = "platform_machine != \"aarch64\" and platform_machine != \"arm64\" and python_version < \"3.10\""},
    {version = ">=1.19.2", markers = "platform_machine == \"aarch64\" and python_version < \"3.10\""},
]
python-dateutil = ">=2.8.1"
pytz = ">=2020.1"

[package.extras]
test = ["hypothesis (>=5.5.3)", "pytest (>=6.0)", "pytest-xdist (>=1.31)"]

[[package]]
name = "pillow"
version = "9.2.0"
description = "Python Imaging Library (Fork)"
category = "main"
optional = false
python-versions = ">=3.7"

[package.extras]
docs = ["furo", "olefile", "sphinx (>=2.4)", "sphinx-copybutton", "sphinx-issues (>=3.0.1)", "sphinx-removed-in", "sphinxext-opengraph"]
tests = ["check-manifest", "coverage", "defusedxml", "markdown2", "olefile", "packaging", "pyroma", "pytest", "pytest-cov", "pytest-timeout"]

[[package]]
name = "pkgutil-resolve-name"
version = "1.3.10"
description = "Resolve a name to an object."
category = "main"
optional = false
python-versions = ">=3.6"

[[package]]
name = "protobuf"
version = "3.20.1"
description = "Protocol Buffers"
category = "main"
optional = false
python-versions = ">=3.7"

[[package]]
name = "pyarrow"
version = "9.0.0"
description = "Python library for Apache Arrow"
category = "main"
optional = false
python-versions = ">=3.7"

[package.dependencies]
numpy = ">=1.16.6"

[[package]]
name = "pydeck"
version = "0.8.0b1"
description = "Widget for deck.gl maps"
category = "main"
optional = false
python-versions = ">=3.7"

[package.dependencies]
jinja2 = ">=2.10.1"
numpy = ">=1.16.4"

[package.extras]
carto = ["pydeck-carto"]
jupyter = ["ipywidgets (>=7,<8)", "traitlets (>=4.3.2)", "ipython (>=5.8.0)", "ipykernel (>=5.1.2)"]

[[package]]
name = "pygments"
version = "2.13.0"
description = "Pygments is a syntax highlighting package written in Python."
category = "main"
optional = false
python-versions = ">=3.6"

[package.extras]
plugins = ["importlib-metadata"]

[[package]]
name = "pympler"
version = "1.0.1"
description = "A development tool to measure, monitor and analyze the memory behavior of Python objects."
category = "main"
optional = false
python-versions = ">=3.6"

[[package]]
name = "pyparsing"
version = "3.0.9"
description = "pyparsing module - Classes and methods to define and execute parsing grammars"
category = "main"
optional = false
python-versions = ">=3.6.8"

[package.extras]
diagrams = ["railroad-diagrams", "jinja2"]

[[package]]
name = "pyrsistent"
version = "0.18.1"
description = "Persistent/Functional/Immutable data structures"
category = "main"
optional = false
python-versions = ">=3.7"

[[package]]
name = "python-dateutil"
version = "2.8.2"
description = "Extensions to the standard Python datetime module"
category = "main"
optional = false
python-versions = "!=3.0.*,!=3.1.*,!=3.2.*,>=2.7"

[package.dependencies]
six = ">=1.5"

[[package]]
name = "pytz"
version = "2022.2.1"
description = "World timezone definitions, modern and historical"
category = "main"
optional = false
python-versions = "*"

[[package]]
name = "pytz-deprecation-shim"
version = "0.1.0.post0"
description = "Shims to make deprecation of pytz easier"
category = "main"
optional = false
python-versions = "!=3.0.*,!=3.1.*,!=3.2.*,!=3.3.*,!=3.4.*,!=3.5.*,>=2.7"

[package.dependencies]
"backports.zoneinfo" = {version = "*", markers = "python_version >= \"3.6\" and python_version < \"3.9\""}
tzdata = {version = "*", markers = "python_version >= \"3.6\""}

[[package]]
name = "pyyaml"
version = "6.0"
description = "YAML parser and emitter for Python"
category = "main"
optional = false
python-versions = ">=3.6"

[[package]]
name = "regex"
version = "2022.8.17"
description = "Alternative regular expression module, to replace re."
category = "main"
optional = false
python-versions = ">=3.6"

[[package]]
name = "requests"
version = "2.28.1"
description = "Python HTTP for Humans."
category = "main"
optional = false
python-versions = ">=3.7, <4"

[package.dependencies]
certifi = ">=2017.4.17"
charset-normalizer = ">=2,<3"
idna = ">=2.5,<4"
urllib3 = ">=1.21.1,<1.27"

[package.extras]
socks = ["PySocks (>=1.5.6,!=1.5.7)"]
use_chardet_on_py3 = ["chardet (>=3.0.2,<6)"]

[[package]]
name = "rich"
version = "12.5.1"
description = "Render rich text, tables, progress bars, syntax highlighting, markdown and more to the terminal"
category = "main"
optional = false
python-versions = ">=3.6.3,<4.0.0"

[package.dependencies]
commonmark = ">=0.9.0,<0.10.0"
pygments = ">=2.6.0,<3.0.0"
typing-extensions = {version = ">=4.0.0,<5.0", markers = "python_version < \"3.9\""}

[package.extras]
jupyter = ["ipywidgets (>=7.5.1,<8.0.0)"]

[[package]]
name = "sacremoses"
version = "0.0.53"
description = "SacreMoses"
category = "main"
optional = false
python-versions = "*"

[package.dependencies]
click = "*"
joblib = "*"
regex = "*"
six = "*"
tqdm = "*"

[[package]]
name = "scipy"
version = "1.6.1"
description = "SciPy: Scientific Library for Python"
category = "main"
optional = false
python-versions = ">=3.7"

[package.dependencies]
numpy = ">=1.16.5"

[[package]]
name = "semver"
version = "2.13.0"
description = "Python helper for Semantic Versioning (http://semver.org/)"
category = "main"
optional = false
python-versions = ">=2.7, !=3.0.*, !=3.1.*, !=3.2.*, !=3.3.*"

[[package]]
name = "six"
version = "1.16.0"
description = "Python 2 and 3 compatibility utilities"
category = "main"
optional = false
python-versions = ">=2.7, !=3.0.*, !=3.1.*, !=3.2.*"

[[package]]
name = "smmap"
version = "5.0.0"
description = "A pure Python implementation of a sliding window memory map manager"
category = "main"
optional = false
python-versions = ">=3.6"

[[package]]
name = "streamlit"
version = "1.12.0"
description = "The fastest way to build data apps in Python"
category = "main"
optional = false
python-versions = ">=3.7"

[package.dependencies]
altair = ">=3.2.0"
blinker = ">=1.0.0"
cachetools = ">=4.0"
click = ">=7.0"
gitpython = "!=3.1.19"
importlib-metadata = ">=1.4"
numpy = "*"
packaging = ">=14.1"
pandas = ">=0.21.0"
pillow = ">=6.2.0"
protobuf = ">=3.12,<4"
pyarrow = ">=4.0"
pydeck = ">=0.1.dev5"
pympler = ">=0.9"
python-dateutil = "*"
requests = ">=2.4"
rich = ">=10.11.0"
semver = "*"
toml = "*"
tornado = ">=5.0"
typing-extensions = ">=3.10.0.0"
tzlocal = ">=1.1"
validators = ">=0.2"
watchdog = {version = "*", markers = "platform_system != \"Darwin\""}

[[package]]
name = "tokenizers"
version = "0.12.1"
description = "Fast and Customizable Tokenizers"
category = "main"
optional = false
python-versions = "*"

[package.extras]
docs = ["sphinx", "sphinx-rtd-theme", "setuptools-rust"]
testing = ["pytest", "requests", "numpy", "datasets"]

[[package]]
name = "toml"
version = "0.10.2"
description = "Python Library for Tom's Obvious, Minimal Language"
category = "main"
optional = false
python-versions = ">=2.6, !=3.0.*, !=3.1.*, !=3.2.*"

[[package]]
name = "toolz"
version = "0.12.0"
description = "List processing tools and functional utilities"
category = "main"
optional = false
python-versions = ">=3.5"

[[package]]
name = "torch"
version = "1.12.1"
description = "Tensors and Dynamic neural networks in Python with strong GPU acceleration"
category = "main"
optional = false
python-versions = ">=3.7.0"

[package.dependencies]
typing-extensions = "*"

[[package]]
name = "tornado"
version = "6.2"
description = "Tornado is a Python web framework and asynchronous networking library, originally developed at FriendFeed."
category = "main"
optional = false
python-versions = ">= 3.7"

[[package]]
name = "tqdm"
version = "4.64.0"
description = "Fast, Extensible Progress Meter"
category = "main"
optional = false
python-versions = "!=3.0.*,!=3.1.*,!=3.2.*,!=3.3.*,>=2.7"

[package.dependencies]
colorama = {version = "*", markers = "platform_system == \"Windows\""}

[package.extras]
dev = ["py-make (>=0.1.0)", "twine", "wheel"]
notebook = ["ipywidgets (>=6)"]
slack = ["slack-sdk"]
telegram = ["requests"]

[[package]]
name = "transformers"
version = "4.16.2"
description = "State-of-the-art Natural Language Processing for TensorFlow 2.0 and PyTorch"
category = "main"
optional = false
python-versions = ">=3.6.0"

[package.dependencies]
filelock = "*"
huggingface-hub = ">=0.1.0,<1.0"
numpy = ">=1.17"
packaging = ">=20.0"
pyyaml = ">=5.1"
regex = "!=2019.12.17"
requests = "*"
sacremoses = "*"
tokenizers = ">=0.10.1,<0.11.3 || >0.11.3"
tqdm = ">=4.27"

[package.extras]
all = ["tensorflow (>=2.3)", "onnxconverter-common", "tf2onnx", "torch (>=1.0)", "jax (>=0.2.8)", "jaxlib (>=0.1.65)", "flax (>=0.3.5)", "optax (>=0.0.8)", "sentencepiece (>=0.1.91,!=0.1.92)", "protobuf", "tokenizers (>=0.10.1,!=0.11.3)", "torchaudio", "librosa", "pyctcdecode (>=0.3.0)", "phonemizer", "pillow", "optuna", "ray", "sigopt", "timm", "codecarbon (==1.2.0)"]
audio = ["librosa", "pyctcdecode (>=0.3.0)", "phonemizer"]
codecarbon = ["codecarbon (==1.2.0)"]
deepspeed = ["deepspeed (>=0.5.7)"]
dev = ["tensorflow (>=2.3)", "onnxconverter-common", "tf2onnx", "torch (>=1.0)", "jax (>=0.2.8)", "jaxlib (>=0.1.65)", "flax (>=0.3.5)", "optax (>=0.0.8)", "sentencepiece (>=0.1.91,!=0.1.92)", "protobuf", "tokenizers (>=0.10.1,!=0.11.3)", "torchaudio", "librosa", "pyctcdecode (>=0.3.0)", "phonemizer", "pillow", "optuna", "ray", "sigopt", "timm", "codecarbon (==1.2.0)", "pytest", "pytest-xdist", "timeout-decorator", "parameterized", "psutil", "datasets", "pytest-timeout", "black (==21.4b0)", "sacrebleu (>=1.4.12,<2.0.0)", "rouge-score", "nltk", "GitPython (<3.1.19)", "faiss-cpu", "cookiecutter (==1.7.2)", "isort (>=5.5.4)", "flake8 (>=3.8.3)", "fugashi (>=1.0)", "ipadic (>=1.0.0,<2.0)", "unidic-lite (>=1.0.7)", "unidic (>=1.0.2)", "scikit-learn"]
docs = ["tensorflow (>=2.3)", "onnxconverter-common", "tf2onnx", "torch (>=1.0)", "jax (>=0.2.8)", "jaxlib (>=0.1.65)", "flax (>=0.3.5)", "optax (>=0.0.8)", "sentencepiece (>=0.1.91,!=0.1.92)", "protobuf", "tokenizers (>=0.10.1,!=0.11.3)", "torchaudio", "librosa", "pyctcdecode (>=0.3.0)", "phonemizer", "pillow", "optuna", "ray", "sigopt", "timm", "codecarbon (==1.2.0)"]
fairscale = ["fairscale (>0.3)"]
flax = ["jax (>=0.2.8)", "jaxlib (>=0.1.65)", "flax (>=0.3.5)", "optax (>=0.0.8)"]
flax-speech = ["librosa", "pyctcdecode (>=0.3.0)", "phonemizer"]
integrations = ["optuna", "ray", "sigopt"]
ja = ["fugashi (>=1.0)", "ipadic (>=1.0.0,<2.0)", "unidic-lite (>=1.0.7)", "unidic (>=1.0.2)"]
modelcreation = ["cookiecutter (==1.7.2)"]
onnx = ["onnxconverter-common", "tf2onnx", "onnxruntime (>=1.4.0)", "onnxruntime-tools (>=1.4.2)"]
onnxruntime = ["onnxruntime (>=1.4.0)", "onnxruntime-tools (>=1.4.2)"]
optuna = ["optuna"]
quality = ["black (==21.4b0)", "isort (>=5.5.4)", "flake8 (>=3.8.3)", "GitPython (<3.1.19)"]
ray = ["ray"]
retrieval = ["faiss-cpu", "datasets"]
sagemaker = ["sagemaker (>=2.31.0)"]
sentencepiece = ["sentencepiece (>=0.1.91,!=0.1.92)", "protobuf"]
serving = ["pydantic", "uvicorn", "fastapi", "starlette"]
sigopt = ["sigopt"]
sklearn = ["scikit-learn"]
speech = ["torchaudio", "librosa", "pyctcdecode (>=0.3.0)", "phonemizer"]
testing = ["pytest", "pytest-xdist", "timeout-decorator", "parameterized", "psutil", "datasets", "pytest-timeout", "black (==21.4b0)", "sacrebleu (>=1.4.12,<2.0.0)", "rouge-score", "nltk", "GitPython (<3.1.19)", "faiss-cpu", "cookiecutter (==1.7.2)"]
tf = ["tensorflow (>=2.3)", "onnxconverter-common", "tf2onnx"]
tf-cpu = ["tensorflow-cpu (>=2.3)", "onnxconverter-common", "tf2onnx"]
tf-speech = ["librosa", "pyctcdecode (>=0.3.0)", "phonemizer"]
timm = ["timm"]
tokenizers = ["tokenizers (>=0.10.1,!=0.11.3)"]
torch = ["torch (>=1.0)"]
torch-speech = ["torchaudio", "librosa", "pyctcdecode (>=0.3.0)", "phonemizer"]
torchhub = ["filelock", "huggingface-hub (>=0.1.0,<1.0)", "importlib-metadata", "numpy (>=1.17)", "packaging (>=20.0)", "protobuf", "regex (!=2019.12.17)", "requests", "sacremoses", "sentencepiece (>=0.1.91,!=0.1.92)", "torch (>=1.0)", "tokenizers (>=0.10.1,!=0.11.3)", "tqdm (>=4.27)"]
vision = ["pillow"]

[[package]]
name = "typing-extensions"
version = "4.3.0"
description = "Backported and Experimental Type Hints for Python 3.7+"
category = "main"
optional = false
python-versions = ">=3.7"

[[package]]
name = "tzdata"
version = "2022.2"
description = "Provider of IANA time zone data"
category = "main"
optional = false
python-versions = ">=2"

[[package]]
name = "tzlocal"
version = "4.2"
description = "tzinfo object for the local timezone"
category = "main"
optional = false
python-versions = ">=3.6"

[package.dependencies]
"backports.zoneinfo" = {version = "*", markers = "python_version < \"3.9\""}
pytz-deprecation-shim = "*"
tzdata = {version = "*", markers = "platform_system == \"Windows\""}

[package.extras]
devenv = ["black", "pyroma", "pytest-cov", "zest.releaser"]
test = ["pytest-mock (>=3.3)", "pytest (>=4.3)"]

[[package]]
name = "urllib3"
version = "1.26.12"
description = "HTTP library with thread-safe connection pooling, file post, and more."
category = "main"
optional = false
python-versions = ">=2.7, !=3.0.*, !=3.1.*, !=3.2.*, !=3.3.*, !=3.4.*, !=3.5.*, <4"

[package.extras]
brotli = ["brotlicffi (>=0.8.0)", "brotli (>=1.0.9)", "brotlipy (>=0.6.0)"]
secure = ["pyOpenSSL (>=0.14)", "cryptography (>=1.3.4)", "idna (>=2.0.0)", "certifi", "urllib3-secure-extra", "ipaddress"]
socks = ["PySocks (>=1.5.6,!=1.5.7,<2.0)"]

[[package]]
name = "validators"
version = "0.20.0"
description = "Python Data Validation for Humans™."
category = "main"
optional = false
python-versions = ">=3.4"

[package.dependencies]
decorator = ">=3.4.0"

[package.extras]
test = ["pytest (>=2.2.3)", "flake8 (>=2.4.0)", "isort (>=4.2.2)"]

[[package]]
name = "watchdog"
version = "2.1.9"
description = "Filesystem events monitoring"
category = "main"
optional = false
python-versions = ">=3.6"

[package.extras]
watchmedo = ["PyYAML (>=3.10)"]

[[package]]
name = "zipp"
version = "3.8.1"
description = "Backport of pathlib-compatible object wrapper for zip files"
category = "main"
optional = false
python-versions = ">=3.7"

[package.extras]
docs = ["sphinx", "jaraco.packaging (>=9)", "rst.linker (>=1.9)", "jaraco.tidelift (>=1.4)"]
testing = ["pytest (>=6)", "pytest-checkdocs (>=2.4)", "pytest-flake8", "pytest-cov", "pytest-enabler (>=1.3)", "jaraco.itertools", "func-timeout", "pytest-black (>=0.3.7)", "pytest-mypy (>=0.9.1)"]

[metadata]
lock-version = "1.1"
python-versions = "^3.8"
content-hash = "b4d13567366e6145cb0e5633dd0d0ca97eddf57b01e720e5e89b70e607346680"

[metadata.files]
altair = []
attrs = []
"backports.zoneinfo" = []
blinker = []
cachetools = []
certifi = []
charset-normalizer = []
click = []
colorama = []
commonmark = []
decorator = []
diffusers = []
entrypoints = []
filelock = []
gitdb = []
gitpython = []
huggingface-hub = []
idna = []
importlib-metadata = []
importlib-resources = []
jinja2 = []
joblib = []
jsonschema = []
markupsafe = []
numpy = []
opencv-python = []
openvino = []
packaging = []
pandas = []
pillow = []
pkgutil-resolve-name = []
protobuf = []
pyarrow = []
pydeck = []
pygments = []
pympler = []
pyparsing = []
pyrsistent = []
python-dateutil = []
pytz = []
pytz-deprecation-shim = []
pyyaml = []
regex = []
requests = []
rich = []
sacremoses = []
scipy = []
semver = []
six = []
smmap = []
streamlit = []
tokenizers = []
toml = []
toolz = []
torch = []
tornado = []
tqdm = []
transformers = []
typing-extensions = []
tzdata = []
tzlocal = []
urllib3 = []
validators = []
watchdog = []
zipp = []
